github.com/aws/aws-lambda-go v1.41.0 h1:l/5fyVb6Ud9uYd411xdHZzSf2n86TakxzpvIoz7l+3Y=
github.com/aws/aws-lambda-go v1.41.0/go.mod h1:jwFe2KmMsHmffA1X2R09hH6lFzJQxzI8qK17ewzbQMM=
github.com/davecgh/go-spew v1.1.1 h1:vj9j/u1bqnvCEfJOwUhtlOARqs3+rkHYY13jYWTU97c=
github.com/pmezard/go-difflib v1.0.0 h1:4DBwDE0NGyQoBHbLQYPwSUPoCMWR5BEzIk/f1lZbAQM=
github.com/stretchr/testify v1.7.2 h1:4jaiDzPyXQvSd7D0EjG45355tLlV3VOECpq10pLC+8s=
golang.org/x/exp v0.0.0-20230515195305-f3d0a9c9a5cc h1:mCRnTeVUjcrhlRmO0VK8a6k6Rrf6TF9htwo2pJVSjIU=
golang.org/x/exp v0.0.0-20230515195305-f3d0a9c9a5cc/go.mod h1:V1LtkGg67GoY2N1AnLN78QLrzxkLyJw7RJb1gzOOz9w=
gopkg.in/yaml.v3 v3.0.1 h1:fxVm/GzAzEWqLHuvctI91KS9hhNmmWOoWu0XTYJS7CA=
